PODS:
  - Alamofire (5.4.3)
  - ReactorKit (3.0.0):
    - RxSwift (~> 6.0)
    - WeakMapTable (~> 1.1)
  - RxCocoa (6.2.0):
    - RxRelay (= 6.2.0)
    - RxSwift (= 6.2.0)
  - RxRelay (6.2.0):
    - RxSwift (= 6.2.0)
  - RxSwift (6.2.0)
  - WeakMapTable (1.2.0)

DEPENDENCIES:
  - Alamofire (~> 5.4)
  - ReactorKit
  - RxCocoa
  - RxSwift

SPEC REPOS:
  trunk:
    - Alamofire
    - ReactorKit
    - RxCocoa
    - RxRelay
    - RxSwift
    - WeakMapTable

SPEC CHECKSUMS:
  Alamofire: e447a2774a40c996748296fa2c55112fdbbc42f9
  ReactorKit: 5348c9881dcb546605b451e32759dccc9937d36e
  RxCocoa: 4baf94bb35f2c0ab31bc0cb9f1900155f646ba42
  RxRelay: e72dbfd157807478401ef1982e1c61c945c94b2f
  RxSwift: d356ab7bee873611322f134c5f9ef379fa183d8f
  WeakMapTable: 05c694ce8439a7a9ebabb56187287a63c57673d6

PODFILE CHECKSUM: 240eaa314039e296bcc6b6210390272174ce7c3f

COCOAPODS: 1.10.1
